# THIS IS AN AUTOGENERATED FILE. DO NOT EDIT THIS FILE DIRECTLY.
# yarn lockfile v1


leemon@^6.2.0:
  version "6.2.0"
  resolved "https://registry.yarnpkg.com/leemon/-/leemon-6.2.0.tgz#85ff020d9dc5959d0837ed816f01fd2c3849ceb2"
  integrity sha512-a5ieuGSGEb5ezCL6UNds5//cVFaKpeexVK0VDCE8/eOF0r0/9Og94LQ33U2Px5dUcHVCDPWQY8gXLgDlDJnyyg==

typescript@^3.6.4:
  version "3.6.4"
  resolved "https://registry.yarnpkg.com/typescript/-/typescript-3.6.4.tgz#b18752bb3792bc1a0281335f7f6ebf1bbfc5b91d"
  integrity sha512-unoCll1+l+YK4i4F8f22TaNVPRHcD9PA3yCuZ8g5e0qGqlVlJ/8FSateOLLSagn+Yg5+ZwuPkL8LFUc0Jcvksg==
